# THIS IS AN AUTOGENERATED FILE. DO NOT EDIT THIS FILE DIRECTLY.
# yarn lockfile v1
bignumber.js:
  version "2.4.0"
  resolved "https://registry.yarnpkg.com/bignumber.js/-/bignumber.js-2.4.0.tgz#838a992da9f9d737e0f4b2db0be62bb09dd0c5e8"

complex.js@2.0.1:
  version "2.0.1"
  resolved "https://registry.yarnpkg.com/complex.js/-/complex.js-2.0.1.tgz#ea90c7a05aeceaf3a376d2c0f6a78421727d6879"

decimal.js@5.0.8:
  version "5.0.8"
  resolved "https://registry.yarnpkg.com/decimal.js/-/decimal.js-5.0.8.tgz#b48c3fb7d73a2d4d4940e0b38f1cd21db5b367ce"

fraction.js@3.3.1:
  version "3.3.1"
  resolved "https://registry.yarnpkg.com/fraction.js/-/fraction.js-3.3.1.tgz#5d6a31ff07707294f204ccbb6b53791607771083"

mathjs:
  version "3.5.3"
  resolved "https://registry.yarnpkg.com/mathjs/-/mathjs-3.5.3.tgz#feee89b871bdbc3acb2ecfbcfcc3e97a522c095b"
  dependencies:
    complex.js "2.0.1"
    decimal.js "5.0.8"
    fraction.js "3.3.1"
    tiny-emitter "1.0.2"
    typed-function "0.10.4"

tiny-emitter@1.0.2:
  version "1.0.2"
  resolved "https://registry.yarnpkg.com/tiny-emitter/-/tiny-emitter-1.0.2.tgz#8e49470d3f55f89e247210368a6bb9fb51aa1601"

typed-function@0.10.4:
  version "0.10.4"
  resolved "https://registry.yarnpkg.com/typed-function/-/typed-function-0.10.4.tgz#1a015498d38eaf9c402fcce1022a0bd87b7418b2"

